
Microsoft Visual Studio Solution File, Format Version 12.00
# Visual Studio Version 16
VisualStudioVersion = 16.0.31025.194
MinimumVisualStudioVersion = 10.0.40219.1
Project("{FAE04EC0-301F-11D3-BF4B-00C04F79EFBC}") = "Connect 4", "Connect 4\Connect 4.csproj", "{B2F78DAA-7E0C-4084-802E-C8F95892F9FF}"
EndProject
Global
	GlobalSection(SolutionConfigurationPlatforms) = preSolution
		Debug|Any CPU = Debug|Any CPU
		Release|Any CPU = Release|Any CPU
	EndGlobalSection
	GlobalSection(ProjectConfigurationPlatforms) = postSolution
		{B2F78DAA-7E0C-4084-802E-C8F95892F9FF}.Debug|Any CPU.ActiveCfg = Debug|Any CPU
		{B2F78DAA-7E0C-4084-802E-C8F95892F9FF}.Debug|Any CPU.Build.0 = Debug|Any CPU
		{B2F78DAA-7E0C-4084-802E-C8F95892F9FF}.Release|Any CPU.ActiveCfg = Release|Any CPU
		{B2F78DAA-7E0C-4084-802E-C8F95892F9FF}.Release|Any CPU.Build.0 = Release|Any CPU
	EndGlobalSection
	GlobalSection(SolutionProperties) = preSolution
		HideSolutionNode = FALSE
	EndGlobalSection
	GlobalSection(ExtensibilityGlobals) = postSolution
		SolutionGuid = {398640DA-2D7E-4F72-9528-0D414E4AC0C0}
	EndGlobalSection
EndGlobal
